
Microsoft Visual Studio Solution File, Format Version 12.00
# Visual Studio Version 16
VisualStudioVersion = 16.0.30128.74
MinimumVisualStudioVersion = 10.0.40219.1
Project("{9A19103F-16F7-4668-BE54-9A1E7A4F7556}") = "Table", "Table.csproj", "{2B588362-63F1-406A-B899-F2949E5D217F}"
EndProject
Global
	GlobalSection(SolutionConfigurationPlatforms) = preSolution
		Debug|Any CPU = Debug|Any CPU
		Release|Any CPU = Release|Any CPU
	EndGlobalSection
	GlobalSection(ProjectConfigurationPlatforms) = postSolution
		{2B588362-63F1-406A-B899-F2949E5D217F}.Debug|Any CPU.ActiveCfg = Debug|Any CPU
		{2B588362-63F1-406A-B899-F2949E5D217F}.Debug|Any CPU.Build.0 = Debug|Any CPU
		{2B588362-63F1-406A-B899-F2949E5D217F}.Release|Any CPU.ActiveCfg = Release|Any CPU
		{2B588362-63F1-406A-B899-F2949E5D217F}.Release|Any CPU.Build.0 = Release|Any CPU
	EndGlobalSection
	GlobalSection(SolutionProperties) = preSolution
		HideSolutionNode = FALSE
	EndGlobalSection
	GlobalSection(ExtensibilityGlobals) = postSolution
		SolutionGuid = {06AD5DEF-B874-4B18-9527-4227A5301DEA}
	EndGlobalSection
EndGlobal
